
Microsoft Visual Studio Solution File, Format Version 12.00
# Visual Studio 15
VisualStudioVersion = 15.0.27428.2037
MinimumVisualStudioVersion = 10.0.40219.1
Project("{FAE04EC0-301F-11D3-BF4B-00C04F79EFBC}") = "GoSmoke.Android", "GoSmoke\GoSmoke.Android\GoSmoke.Android.csproj", "{8D4F01CE-DF74-42CF-948E-FAE3F24FF88A}"
EndProject
Project("{FAE04EC0-301F-11D3-BF4B-00C04F79EFBC}") = "GoSmoke.iOS", "GoSmoke\GoSmoke.iOS\GoSmoke.iOS.csproj", "{972450BB-8596-4614-B726-C926E3ECB1F2}"
EndProject
Project("{FAE04EC0-301F-11D3-BF4B-00C04F79EFBC}") = "GoSmoke", "GoSmoke\GoSmoke\GoSmoke.csproj", "{DE32C379-680D-44D8-85C3-CD7F466E31A8}"
EndProject
Global
	GlobalSection(SolutionConfigurationPlatforms) = preSolution
		Ad-Hoc|Any CPU = Ad-Hoc|Any CPU
		Ad-Hoc|iPhone = Ad-Hoc|iPhone
		Ad-Hoc|iPhoneSimulator = Ad-Hoc|iPhoneSimulator
		AppStore|Any CPU = AppStore|Any CPU
		AppStore|iPhone = AppStore|iPhone
		AppStore|iPhoneSimulator = AppStore|iPhoneSimulator
		Debug|Any CPU = Debug|Any CPU
		Debug|iPhone = Debug|iPhone
		Debug|iPhoneSimulator = Debug|iPhoneSimulator
		Release|Any CPU = Release|Any CPU
		Release|iPhone = Release|iPhone
		Release|iPhoneSimulator = Release|iPhoneSimulator
	EndGlobalSection
	GlobalSection(ProjectConfigurationPlatforms) = postSolution
		{8D4F01CE-DF74-42CF-948E-FAE3F24FF88A}.Ad-Hoc|Any CPU.ActiveCfg = Release|Any CPU
		{8D4F01CE-DF74-42CF-948E-FAE3F24FF88A}.Ad-Hoc|Any CPU.Build.0 = Release|Any CPU
		{8D4F01CE-DF74-42CF-948E-FAE3F24FF88A}.Ad-Hoc|Any CPU.Deploy.0 = Release|Any CPU
		{8D4F01CE-DF74-42CF-948E-FAE3F24FF88A}.Ad-Hoc|iPhone.ActiveCfg = Release|Any CPU
		{8D4F01CE-DF74-42CF-948E-FAE3F24FF88A}.Ad-Hoc|iPhone.Build.0 = Release|Any CPU
		{8D4F01CE-DF74-42CF-948E-FAE3F24FF88A}.Ad-Hoc|iPhone.Deploy.0 = Release|Any CPU
		{8D4F01CE-DF74-42CF-948E-FAE3F24FF88A}.Ad-Hoc|iPhoneSimulator.ActiveCfg = Release|Any CPU
		{8D4F01CE-DF74-42CF-948E-FAE3F24FF88A}.Ad-Hoc|iPhoneSimulator.Build.0 = Release|Any CPU
		{8D4F01CE-DF74-42CF-948E-FAE3F24FF88A}.Ad-Hoc|iPhoneSimulator.Deploy.0 = Release|Any CPU
		{8D4F01CE-DF74-42CF-948E-FAE3F24FF88A}.AppStore|Any CPU.ActiveCfg = Release|Any CPU
		{8D4F01CE-DF74-42CF-948E-FAE3F24FF88A}.AppStore|Any CPU.Build.0 = Release|Any CPU
		{8D4F01CE-DF74-42CF-948E-FAE3F24FF88A}.AppStore|Any CPU.Deploy.0 = Release|Any CPU
		{8D4F01CE-DF74-42CF-948E-FAE3F24FF88A}.AppStore|iPhone.ActiveCfg = Release|Any CPU
		{8D4F01CE-DF74-42CF-948E-FAE3F24FF88A}.AppStore|iPhone.Build.0 = Release|Any CPU
		{8D4F01CE-DF74-42CF-948E-FAE3F24FF88A}.AppStore|iPhone.Deploy.0 = Release|Any CPU
		{8D4F01CE-DF74-42CF-948E-FAE3F24FF88A}.AppStore|iPhoneSimulator.ActiveCfg = Release|Any CPU
		{8D4F01CE-DF74-42CF-948E-FAE3F24FF88A}.AppStore|iPhoneSimulator.Build.0 = Release|Any CPU
		{8D4F01CE-DF74-42CF-948E-FAE3F24FF88A}.AppStore|iPhoneSimulator.Deploy.0 = Release|Any CPU
		{8D4F01CE-DF74-42CF-948E-FAE3F24FF88A}.Debug|Any CPU.ActiveCfg = Debug|Any CPU
		{8D4F01CE-DF74-42CF-948E-FAE3F24FF88A}.Debug|Any CPU.Build.0 = Debug|Any CPU
		{8D4F01CE-DF74-42CF-948E-FAE3F24FF88A}.Debug|Any CPU.Deploy.0 = Debug|Any CPU
		{8D4F01CE-DF74-42CF-948E-FAE3F24FF88A}.Debug|iPhone.ActiveCfg = Debug|Any CPU
		{8D4F01CE-DF74-42CF-948E-FAE3F24FF88A}.Debug|iPhone.Build.0 = Debug|Any CPU
		{8D4F01CE-DF74-42CF-948E-FAE3F24FF88A}.Debug|iPhone.Deploy.0 = Debug|Any CPU
		{8D4F01CE-DF74-42CF-948E-FAE3F24FF88A}.Debug|iPhoneSimulator.ActiveCfg = Debug|Any CPU
		{8D4F01CE-DF74-42CF-948E-FAE3F24FF88A}.Debug|iPhoneSimulator.Build.0 = Debug|Any CPU
		{8D4F01CE-DF74-42CF-948E-FAE3F24FF88A}.Debug|iPhoneSimulator.Deploy.0 = Debug|Any CPU
		{8D4F01CE-DF74-42CF-948E-FAE3F24FF88A}.Release|Any CPU.ActiveCfg = Release|Any CPU
		{8D4F01CE-DF74-42CF-948E-FAE3F24FF88A}.Release|Any CPU.Build.0 = Release|Any CPU
		{8D4F01CE-DF74-42CF-948E-FAE3F24FF88A}.Release|Any CPU.Deploy.0 = Release|Any CPU
		{8D4F01CE-DF74-42CF-948E-FAE3F24FF88A}.Release|iPhone.ActiveCfg = Release|Any CPU
		{8D4F01CE-DF74-42CF-948E-FAE3F24FF88A}.Release|iPhone.Build.0 = Release|Any CPU
		{8D4F01CE-DF74-42CF-948E-FAE3F24FF88A}.Release|iPhone.Deploy.0 = Release|Any CPU
		{8D4F01CE-DF74-42CF-948E-FAE3F24FF88A}.Release|iPhoneSimulator.ActiveCfg = Release|Any CPU
		{8D4F01CE-DF74-42CF-948E-FAE3F24FF88A}.Release|iPhoneSimulator.Build.0 = Release|Any CPU
		{8D4F01CE-DF74-42CF-948E-FAE3F24FF88A}.Release|iPhoneSimulator.Deploy.0 = Release|Any CPU
		{972450BB-8596-4614-B726-C926E3ECB1F2}.Ad-Hoc|Any CPU.ActiveCfg = Ad-Hoc|iPhone
		{972450BB-8596-4614-B726-C926E3ECB1F2}.Ad-Hoc|iPhone.ActiveCfg = Ad-Hoc|iPhone
		{972450BB-8596-4614-B726-C926E3ECB1F2}.Ad-Hoc|iPhone.Build.0 = Ad-Hoc|iPhone
		{972450BB-8596-4614-B726-C926E3ECB1F2}.Ad-Hoc|iPhoneSimulator.ActiveCfg = Ad-Hoc|iPhoneSimulator
		{972450BB-8596-4614-B726-C926E3ECB1F2}.Ad-Hoc|iPhoneSimulator.Build.0 = Ad-Hoc|iPhoneSimulator
		{972450BB-8596-4614-B726-C926E3ECB1F2}.AppStore|Any CPU.ActiveCfg = AppStore|iPhone
		{972450BB-8596-4614-B726-C926E3ECB1F2}.AppStore|iPhone.ActiveCfg = AppStore|iPhone
		{972450BB-8596-4614-B726-C926E3ECB1F2}.AppStore|iPhone.Build.0 = AppStore|iPhone
		{972450BB-8596-4614-B726-C926E3ECB1F2}.AppStore|iPhoneSimulator.ActiveCfg = AppStore|iPhoneSimulator
		{972450BB-8596-4614-B726-C926E3ECB1F2}.AppStore|iPhoneSimulator.Build.0 = AppStore|iPhoneSimulator
		{972450BB-8596-4614-B726-C926E3ECB1F2}.Debug|Any CPU.ActiveCfg = Debug|iPhone
		{972450BB-8596-4614-B726-C926E3ECB1F2}.Debug|iPhone.ActiveCfg = Debug|iPhone
		{972450BB-8596-4614-B726-C926E3ECB1F2}.Debug|iPhone.Build.0 = Debug|iPhone
		{972450BB-8596-4614-B726-C926E3ECB1F2}.Debug|iPhoneSimulator.ActiveCfg = Debug|iPhoneSimulator
		{972450BB-8596-4614-B726-C926E3ECB1F2}.Debug|iPhoneSimulator.Build.0 = Debug|iPhoneSimulator
		{972450BB-8596-4614-B726-C926E3ECB1F2}.Release|Any CPU.ActiveCfg = Release|iPhone
		{972450BB-8596-4614-B726-C926E3ECB1F2}.Release|iPhone.ActiveCfg = Release|iPhone
		{972450BB-8596-4614-B726-C926E3ECB1F2}.Release|iPhone.Build.0 = Release|iPhone
		{972450BB-8596-4614-B726-C926E3ECB1F2}.Release|iPhoneSimulator.ActiveCfg = Release|iPhoneSimulator
		{972450BB-8596-4614-B726-C926E3ECB1F2}.Release|iPhoneSimulator.Build.0 = Release|iPhoneSimulator
		{DE32C379-680D-44D8-85C3-CD7F466E31A8}.Ad-Hoc|Any CPU.ActiveCfg = Debug|Any CPU
		{DE32C379-680D-44D8-85C3-CD7F466E31A8}.Ad-Hoc|Any CPU.Build.0 = Debug|Any CPU
		{DE32C379-680D-44D8-85C3-CD7F466E31A8}.Ad-Hoc|iPhone.ActiveCfg = Debug|Any CPU
		{DE32C379-680D-44D8-85C3-CD7F466E31A8}.Ad-Hoc|iPhone.Build.0 = Debug|Any CPU
		{DE32C379-680D-44D8-85C3-CD7F466E31A8}.Ad-Hoc|iPhoneSimulator.ActiveCfg = Debug|Any CPU
		{DE32C379-680D-44D8-85C3-CD7F466E31A8}.Ad-Hoc|iPhoneSimulator.Build.0 = Debug|Any CPU
		{DE32C379-680D-44D8-85C3-CD7F466E31A8}.AppStore|Any CPU.ActiveCfg = Debug|Any CPU
		{DE32C379-680D-44D8-85C3-CD7F466E31A8}.AppStore|Any CPU.Build.0 = Debug|Any CPU
		{DE32C379-680D-44D8-85C3-CD7F466E31A8}.AppStore|iPhone.ActiveCfg = Debug|Any CPU
		{DE32C379-680D-44D8-85C3-CD7F466E31A8}.AppStore|iPhone.Build.0 = Debug|Any CPU
		{DE32C379-680D-44D8-85C3-CD7F466E31A8}.AppStore|iPhoneSimulator.ActiveCfg = Debug|Any CPU
		{DE32C379-680D-44D8-85C3-CD7F466E31A8}.AppStore|iPhoneSimulator.Build.0 = Debug|Any CPU
		{DE32C379-680D-44D8-85C3-CD7F466E31A8}.Debug|Any CPU.ActiveCfg = Debug|Any CPU
		{DE32C379-680D-44D8-85C3-CD7F466E31A8}.Debug|Any CPU.Build.0 = Debug|Any CPU
		{DE32C379-680D-44D8-85C3-CD7F466E31A8}.Debug|iPhone.ActiveCfg = Debug|Any CPU
		{DE32C379-680D-44D8-85C3-CD7F466E31A8}.Debug|iPhone.Build.0 = Debug|Any CPU
		{DE32C379-680D-44D8-85C3-CD7F466E31A8}.Debug|iPhoneSimulator.ActiveCfg = Debug|Any CPU
		{DE32C379-680D-44D8-85C3-CD7F466E31A8}.Debug|iPhoneSimulator.Build.0 = Debug|Any CPU
		{DE32C379-680D-44D8-85C3-CD7F466E31A8}.Release|Any CPU.ActiveCfg = Release|Any CPU
		{DE32C379-680D-44D8-85C3-CD7F466E31A8}.Release|Any CPU.Build.0 = Release|Any CPU
		{DE32C379-680D-44D8-85C3-CD7F466E31A8}.Release|iPhone.ActiveCfg = Release|Any CPU
		{DE32C379-680D-44D8-85C3-CD7F466E31A8}.Release|iPhone.Build.0 = Release|Any CPU
		{DE32C379-680D-44D8-85C3-CD7F466E31A8}.Release|iPhoneSimulator.ActiveCfg = Release|Any CPU
		{DE32C379-680D-44D8-85C3-CD7F466E31A8}.Release|iPhoneSimulator.Build.0 = Release|Any CPU
	EndGlobalSection
	GlobalSection(SolutionProperties) = preSolution
		HideSolutionNode = FALSE
	EndGlobalSection
	GlobalSection(ExtensibilityGlobals) = postSolution
		SolutionGuid = {57D1B478-B704-41DD-9CBA-007A62ED482F}
	EndGlobalSection
EndGlobal
